
Microsoft Visual Studio Solution File, Format Version 12.00
# Visual Studio Version 17
VisualStudioVersion = 17.14.36408.4 d17.14
MinimumVisualStudioVersion = 10.0.40219.1
Project("{FAE04EC0-301F-11D3-BF4B-00C04F79EFBC}") = "GermanVerbTester", "GermanVerbTester.csproj", "{2365531D-86BC-25A9-05AA-5C877D99D81C}"
EndProject
Global
	GlobalSection(SolutionConfigurationPlatforms) = preSolution
		Debug|Any CPU = Debug|Any CPU
		Release|Any CPU = Release|Any CPU
	EndGlobalSection
	GlobalSection(ProjectConfigurationPlatforms) = postSolution
		{2365531D-86BC-25A9-05AA-5C877D99D81C}.Debug|Any CPU.ActiveCfg = Debug|Any CPU
		{2365531D-86BC-25A9-05AA-5C877D99D81C}.Debug|Any CPU.Build.0 = Debug|Any CPU
		{2365531D-86BC-25A9-05AA-5C877D99D81C}.Release|Any CPU.ActiveCfg = Release|Any CPU
		{2365531D-86BC-25A9-05AA-5C877D99D81C}.Release|Any CPU.Build.0 = Release|Any CPU
	EndGlobalSection
	GlobalSection(SolutionProperties) = preSolution
		HideSolutionNode = FALSE
	EndGlobalSection
	GlobalSection(ExtensibilityGlobals) = postSolution
		SolutionGuid = {EA5C183B-54BE-4D2C-9910-6477EE3E0455}
	EndGlobalSection
EndGlobal
